<?xml version="1.0" encoding="utf-8"?>
<Project ToolsVersion="4.0" xmlns="http://schemas.microsoft.com/developer/msbuild/2003">
  <ItemGroup>
    <Filter Include="Source Files">
      <UniqueIdentifier>{a67b2b7c-0d2c-4956-887d-d1497cc72005}</UniqueIdentifier>
      <Extensions>cpp;c;cxx;rc;def;r;odl;hpj;bat;for;f90</Extensions>
    </Filter>
    <Filter Include="Header Files">
      <UniqueIdentifier>{9f21595f-9c45-4210-b57e-81622069e415}</UniqueIdentifier>
      <Extensions>h;hpp;hxx;hm;inl;inc</Extensions>
    </Filter>
    <Filter Include="HTML Help Files">
      <UniqueIdentifier>{aed95a84-dd8f-4ba5-b898-238630ac77db}</UniqueIdentifier>
      <Extensions>hhp;hhc;hhk;gif;jpg</Extensions>
    </Filter>
    <Filter Include="HTML Help Topics">
      <UniqueIdentifier>{0ede54fc-b339-4a42-85c4-e7517eab8541}</UniqueIdentifier>
      <Extensions>htm;html</Extensions>
    </Filter>
  </ItemGroup>
  <ItemGroup>
    <ClCompile Include="BenchmarkDlg.cpp">
      <Filter>Source Files</Filter>
    </ClCompile>
    <ClCompile Include="ChildFrm.cpp">
      <Filter>Source Files</Filter>
    </ClCompile>
    <ClCompile Include="CpuDlg.cpp">
      <Filter>Source Files</Filter>
    </ClCompile>
    <ClCompile Include="EcmDlg.cpp">
      <Filter>Source Files</Filter>
    </ClCompile>
    <ClCompile Include="HyperLink.cpp">
      <Filter>Source Files</Filter>
    </ClCompile>
    <ClCompile Include="MainFrm.cpp">
      <Filter>Source Files</Filter>
    </ClCompile>
    <ClCompile Include="ManualCommDlg.cpp">
      <Filter>Source Files</Filter>
    </ClCompile>
    <ClCompile Include="Pminus1Dlg.cpp">
      <Filter>Source Files</Filter>
    </ClCompile>
    <ClCompile Include="PreferencesDlg.cpp">
      <Filter>Source Files</Filter>
    </ClCompile>
    <ClCompile Include="Prime95.cpp">
      <Filter>Source Files</Filter>
    </ClCompile>
    <ClCompile Include="Prime95Doc.cpp">
      <Filter>Source Files</Filter>
    </ClCompile>
    <ClCompile Include="Prime95View.cpp">
      <Filter>Source Files</Filter>
    </ClCompile>
    <ClCompile Include="PrimenetDlg.cpp">
      <Filter>Source Files</Filter>
    </ClCompile>
    <ClCompile Include="StartDlg.cpp">
      <Filter>Source Files</Filter>
    </ClCompile>
    <ClCompile Include="StdAfx.cpp">
      <Filter>Source Files</Filter>
    </ClCompile>
    <ClCompile Include="StopDlg.cpp">
      <Filter>Source Files</Filter>
    </ClCompile>
    <ClCompile Include="TestDlg.cpp">
      <Filter>Source Files</Filter>
    </ClCompile>
    <ClCompile Include="TimeDlg.cpp">
      <Filter>Source Files</Filter>
    </ClCompile>
    <ClCompile Include="TortureDlg.cpp">
      <Filter>Source Files</Filter>
    </ClCompile>
    <ClCompile Include="UnreserveDlg.cpp">
      <Filter>Source Files</Filter>
    </ClCompile>
    <ClCompile Include="WelcomeDlg.cpp">
      <Filter>Source Files</Filter>
    </ClCompile>
    <ClCompile Include="WorkerDlg.cpp">
      <Filter>Source Files</Filter>
    </ClCompile>
  </ItemGroup>
  <ItemGroup>
    <None Include="hlp\Prime95.hpj">
      <Filter>Source Files</Filter>
    </None>
    <None Include="hlp\prime95.hhc">
      <Filter>HTML Help Files</Filter>
    </None>
    <None Include="hlp\prime95.hhk">
      <Filter>HTML Help Files</Filter>
    </None>
    <None Include="hlp\thanks.htm">
      <Filter>HTML Help Topics</Filter>
    </None>
    <None Include="res\cursor1.cur" />
    <None Include="res\cursor2.cur" />
  </ItemGroup>
  <ItemGroup>
    <ResourceCompile Include="Prime95.rc">
      <Filter>Source Files</Filter>
    </ResourceCompile>
  </ItemGroup>
  <ItemGroup>
    <ClInclude Include="BenchmarkDlg.h">
      <Filter>Header Files</Filter>
    </ClInclude>
    <ClInclude Include="HyperLink.h">
      <Filter>Header Files</Filter>
    </ClInclude>
    <ClInclude Include="MainFrm.h">
      <Filter>Header Files</Filter>
    </ClInclude>
    <ClInclude Include="prime95.h">
      <Filter>Header Files</Filter>
    </ClInclude>
    <ClInclude Include="prime95Doc.h">
      <Filter>Header Files</Filter>
    </ClInclude>
    <ClInclude Include="prime95View.h">
      <Filter>Header Files</Filter>
    </ClInclude>
    <ClInclude Include="stdafx.h">
      <Filter>Header Files</Filter>
    </ClInclude>
    <ClInclude Include="TortureDlg.h">
      <Filter>Header Files</Filter>
    </ClInclude>
    <ClInclude Include="UserDlg.h">
      <Filter>Header Files</Filter>
    </ClInclude>
  </ItemGroup>
  <ItemGroup>
    <Image Include="hlp\Images\Bullet.gif">
      <Filter>HTML Help Files</Filter>
    </Image>
    <Image Include="res\Prime95.ico" />
    <Image Include="res\yellow_i.ico" />
  </ItemGroup>
  <ItemGroup>
    <CustomBuild Include="Resource.h">
      <Filter>Header Files</Filter>
    </CustomBuild>
    <CustomBuild Include="hlp\prime95.hhp">
      <Filter>HTML Help Files</Filter>
    </CustomBuild>
  </ItemGroup>
</Project>